
Microsoft Visual Studio Solution File, Format Version 12.00
# Visual Studio Version 17
VisualStudioVersion = 17.9.34622.214
MinimumVisualStudioVersion = 10.0.40219.1
Project("{FAE04EC0-301F-11D3-BF4B-00C04F79EFBC}") = "eLibrary_System", "eLibrary_System.csproj", "{04A06386-3C4B-4002-8224-1B044852D6CD}"
EndProject
Global
	GlobalSection(SolutionConfigurationPlatforms) = preSolution
		Debug|Any CPU = Debug|Any CPU
		Release|Any CPU = Release|Any CPU
	EndGlobalSection
	GlobalSection(ProjectConfigurationPlatforms) = postSolution
		{04A06386-3C4B-4002-8224-1B044852D6CD}.Debug|Any CPU.ActiveCfg = Debug|Any CPU
		{04A06386-3C4B-4002-8224-1B044852D6CD}.Debug|Any CPU.Build.0 = Debug|Any CPU
		{04A06386-3C4B-4002-8224-1B044852D6CD}.Release|Any CPU.ActiveCfg = Release|Any CPU
		{04A06386-3C4B-4002-8224-1B044852D6CD}.Release|Any CPU.Build.0 = Release|Any CPU
	EndGlobalSection
	GlobalSection(SolutionProperties) = preSolution
		HideSolutionNode = FALSE
	EndGlobalSection
	GlobalSection(ExtensibilityGlobals) = postSolution
		SolutionGuid = {4F1A9543-8941-4DED-9975-84E9FC03941E}
	EndGlobalSection
EndGlobal
